
Microsoft Visual Studio Solution File, Format Version 12.00
# Visual Studio Version 17
VisualStudioVersion = 17.9.34723.18
MinimumVisualStudioVersion = 10.0.40219.1
Project("{FAE04EC0-301F-11D3-BF4B-00C04F79EFBC}") = "MongoDbCrud1AspNetCoreMVC", "MongoDbCrud1AspNetCoreMVC\MongoDbCrud1AspNetCoreMVC.csproj", "{8810C28D-6318-4B87-B203-744DD9066579}"
EndProject
Global
	GlobalSection(SolutionConfigurationPlatforms) = preSolution
		Debug|Any CPU = Debug|Any CPU
		Release|Any CPU = Release|Any CPU
	EndGlobalSection
	GlobalSection(ProjectConfigurationPlatforms) = postSolution
		{8810C28D-6318-4B87-B203-744DD9066579}.Debug|Any CPU.ActiveCfg = Debug|Any CPU
		{8810C28D-6318-4B87-B203-744DD9066579}.Debug|Any CPU.Build.0 = Debug|Any CPU
		{8810C28D-6318-4B87-B203-744DD9066579}.Release|Any CPU.ActiveCfg = Release|Any CPU
		{8810C28D-6318-4B87-B203-744DD9066579}.Release|Any CPU.Build.0 = Release|Any CPU
	EndGlobalSection
	GlobalSection(SolutionProperties) = preSolution
		HideSolutionNode = FALSE
	EndGlobalSection
	GlobalSection(ExtensibilityGlobals) = postSolution
		SolutionGuid = {535677E8-81B7-4241-B203-BD8BE2B59043}
	EndGlobalSection
EndGlobal
